dependencies:
- name: mysql
  repository: file://../mysql
  version: 0.0.1
- name: skywalking-helm
  repository: oci://registry-1.docker.io/apache
  version: 4.5.0
- name: postgresql
  repository: oci://registry-1.docker.io/bitnamicharts
  version: 15.1.4
- name: rabbitmq
  repository: oci://registry-1.docker.io/bitnamicharts
  version: 15.4.0
digest: sha256:476587ca0dbfccb13928b73639c1f001a26422108eb6c5360b6c8bd502379989
generated: "2025-03-22T16:13:59.697516384+08:00"
